
Microsoft Visual Studio Solution File, Format Version 12.00
# Visual Studio 15
Project("{FAE04EC0-301F-11D3-BF4B-00C04F79EFBC}") = "Assembly-CSharp", "Assembly-CSharp.csproj", "{F168C669-992F-2BB0-739C-463E7F6D1995}"
EndProject
Global
	GlobalSection(SolutionConfigurationPlatforms) = preSolution
		Debug|Any CPU = Debug|Any CPU
		Release|Any CPU = Release|Any CPU
	EndGlobalSection
	GlobalSection(ProjectConfigurationPlatforms) = postSolution
		{F168C669-992F-2BB0-739C-463E7F6D1995}.Debug|Any CPU.ActiveCfg = Debug|Any CPU
		{F168C669-992F-2BB0-739C-463E7F6D1995}.Debug|Any CPU.Build.0 = Debug|Any CPU
		{F168C669-992F-2BB0-739C-463E7F6D1995}.Release|Any CPU.ActiveCfg = Release|Any CPU
		{F168C669-992F-2BB0-739C-463E7F6D1995}.Release|Any CPU.Build.0 = Release|Any CPU
	EndGlobalSection
	GlobalSection(SolutionProperties) = preSolution
		HideSolutionNode = FALSE
	EndGlobalSection
EndGlobal
